
Microsoft Visual Studio Solution File, Format Version 12.00
# Visual Studio Version 17
VisualStudioVersion = 17.0.31903.59
MinimumVisualStudioVersion = 10.0.40219.1
Project("{9A19103F-16F7-4668-BE54-9A1E7A4F7556}") = "Huybrechts.App", "src\website\Huybrechts.App\Huybrechts.App.csproj", "{93BCBF2D-9858-4801-B6D9-529C2208293D}"
EndProject
Project("{9A19103F-16F7-4668-BE54-9A1E7A4F7556}") = "Huybrechts.Infra.Sqlite", "src\website\Huybrechts.Infra.Sqlite\Huybrechts.Infra.Sqlite.csproj", "{B0128DE0-39E8-46D3-A80D-4AAB38CB5570}"
EndProject
Project("{9A19103F-16F7-4668-BE54-9A1E7A4F7556}") = "Huybrechts.Infra.SqlServer", "src\website\Huybrechts.Infra.SqlServer\Huybrechts.Infra.SqlServer.csproj", "{B52B182E-A2CE-454E-8D22-0B0D9861173B}"
EndProject
Project("{9A19103F-16F7-4668-BE54-9A1E7A4F7556}") = "Huybrechts.Web", "src\website\Huybrechts.Web\Huybrechts.Web.csproj", "{7E8EA828-B1A0-4966-BD98-3330B22D71BF}"
EndProject
Project("{9A19103F-16F7-4668-BE54-9A1E7A4F7556}") = "Huybrechts.Web.Client", "src\website\Huybrechts.Web.Client\Huybrechts.Web.Client.csproj", "{EB0D2DFE-ECF4-4DBC-A9AF-AD0307732984}"
EndProject
Project("{9A19103F-16F7-4668-BE54-9A1E7A4F7556}") = "Huybrechts.Core", "src\website\Huybrechts.Core\Huybrechts.Core.csproj", "{1BC5F0D1-DDE8-44CB-8504-23BB3756A971}"
EndProject
Global
	GlobalSection(SolutionConfigurationPlatforms) = preSolution
		Debug|Any CPU = Debug|Any CPU
		Release|Any CPU = Release|Any CPU
	EndGlobalSection
	GlobalSection(ProjectConfigurationPlatforms) = postSolution
		{93BCBF2D-9858-4801-B6D9-529C2208293D}.Debug|Any CPU.ActiveCfg = Debug|Any CPU
		{93BCBF2D-9858-4801-B6D9-529C2208293D}.Debug|Any CPU.Build.0 = Debug|Any CPU
		{93BCBF2D-9858-4801-B6D9-529C2208293D}.Release|Any CPU.ActiveCfg = Release|Any CPU
		{93BCBF2D-9858-4801-B6D9-529C2208293D}.Release|Any CPU.Build.0 = Release|Any CPU
		{B0128DE0-39E8-46D3-A80D-4AAB38CB5570}.Debug|Any CPU.ActiveCfg = Debug|Any CPU
		{B0128DE0-39E8-46D3-A80D-4AAB38CB5570}.Debug|Any CPU.Build.0 = Debug|Any CPU
		{B0128DE0-39E8-46D3-A80D-4AAB38CB5570}.Release|Any CPU.ActiveCfg = Release|Any CPU
		{B0128DE0-39E8-46D3-A80D-4AAB38CB5570}.Release|Any CPU.Build.0 = Release|Any CPU
		{B52B182E-A2CE-454E-8D22-0B0D9861173B}.Debug|Any CPU.ActiveCfg = Debug|Any CPU
		{B52B182E-A2CE-454E-8D22-0B0D9861173B}.Debug|Any CPU.Build.0 = Debug|Any CPU
		{B52B182E-A2CE-454E-8D22-0B0D9861173B}.Release|Any CPU.ActiveCfg = Release|Any CPU
		{B52B182E-A2CE-454E-8D22-0B0D9861173B}.Release|Any CPU.Build.0 = Release|Any CPU
		{7E8EA828-B1A0-4966-BD98-3330B22D71BF}.Debug|Any CPU.ActiveCfg = Debug|Any CPU
		{7E8EA828-B1A0-4966-BD98-3330B22D71BF}.Debug|Any CPU.Build.0 = Debug|Any CPU
		{7E8EA828-B1A0-4966-BD98-3330B22D71BF}.Release|Any CPU.ActiveCfg = Release|Any CPU
		{7E8EA828-B1A0-4966-BD98-3330B22D71BF}.Release|Any CPU.Build.0 = Release|Any CPU
		{EB0D2DFE-ECF4-4DBC-A9AF-AD0307732984}.Debug|Any CPU.ActiveCfg = Debug|Any CPU
		{EB0D2DFE-ECF4-4DBC-A9AF-AD0307732984}.Debug|Any CPU.Build.0 = Debug|Any CPU
		{EB0D2DFE-ECF4-4DBC-A9AF-AD0307732984}.Release|Any CPU.ActiveCfg = Release|Any CPU
		{EB0D2DFE-ECF4-4DBC-A9AF-AD0307732984}.Release|Any CPU.Build.0 = Release|Any CPU
		{1BC5F0D1-DDE8-44CB-8504-23BB3756A971}.Debug|Any CPU.ActiveCfg = Debug|Any CPU
		{1BC5F0D1-DDE8-44CB-8504-23BB3756A971}.Debug|Any CPU.Build.0 = Debug|Any CPU
		{1BC5F0D1-DDE8-44CB-8504-23BB3756A971}.Release|Any CPU.ActiveCfg = Release|Any CPU
		{1BC5F0D1-DDE8-44CB-8504-23BB3756A971}.Release|Any CPU.Build.0 = Release|Any CPU
	EndGlobalSection
	GlobalSection(SolutionProperties) = preSolution
		HideSolutionNode = FALSE
	EndGlobalSection
	GlobalSection(ExtensibilityGlobals) = postSolution
		SolutionGuid = {9F0A20C0-033C-41E5-81FE-F0BDEDA58588}
	EndGlobalSection
EndGlobal
