
Microsoft Visual Studio Solution File, Format Version 12.00
# Visual Studio Version 17
VisualStudioVersion = 17.9.34728.123
MinimumVisualStudioVersion = 10.0.40219.1
Project("{2150E333-8FDC-42A3-9474-1A3956D46DE8}") = "landing", "landing", "{077C586A-A01B-4EB4-B23D-E9DE9844DB93}"
EndProject
Project("{9A19103F-16F7-4668-BE54-9A1E7A4F7556}") = "Huybrechts.Landing.Web", "src\landing\Huybrechts.Landing.Web\Huybrechts.Landing.Web.csproj", "{57AFADB2-2362-4EC6-B3A2-F1CE1732802A}"
EndProject
Project("{9A19103F-16F7-4668-BE54-9A1E7A4F7556}") = "Huybrechts.Landing.Tests", "tests\Huybrechts.Landing.Tests\Huybrechts.Landing.Tests.csproj", "{905B9237-7222-40FD-ACED-30C967542B54}"
EndProject
Global
	GlobalSection(SolutionConfigurationPlatforms) = preSolution
		Debug|Any CPU = Debug|Any CPU
		Release|Any CPU = Release|Any CPU
	EndGlobalSection
	GlobalSection(ProjectConfigurationPlatforms) = postSolution
		{57AFADB2-2362-4EC6-B3A2-F1CE1732802A}.Debug|Any CPU.ActiveCfg = Debug|Any CPU
		{57AFADB2-2362-4EC6-B3A2-F1CE1732802A}.Debug|Any CPU.Build.0 = Debug|Any CPU
		{57AFADB2-2362-4EC6-B3A2-F1CE1732802A}.Release|Any CPU.ActiveCfg = Release|Any CPU
		{57AFADB2-2362-4EC6-B3A2-F1CE1732802A}.Release|Any CPU.Build.0 = Release|Any CPU
		{905B9237-7222-40FD-ACED-30C967542B54}.Debug|Any CPU.ActiveCfg = Debug|Any CPU
		{905B9237-7222-40FD-ACED-30C967542B54}.Debug|Any CPU.Build.0 = Debug|Any CPU
		{905B9237-7222-40FD-ACED-30C967542B54}.Release|Any CPU.ActiveCfg = Release|Any CPU
		{905B9237-7222-40FD-ACED-30C967542B54}.Release|Any CPU.Build.0 = Release|Any CPU
	EndGlobalSection
	GlobalSection(SolutionProperties) = preSolution
		HideSolutionNode = FALSE
	EndGlobalSection
	GlobalSection(NestedProjects) = preSolution
		{57AFADB2-2362-4EC6-B3A2-F1CE1732802A} = {077C586A-A01B-4EB4-B23D-E9DE9844DB93}
		{905B9237-7222-40FD-ACED-30C967542B54} = {077C586A-A01B-4EB4-B23D-E9DE9844DB93}
	EndGlobalSection
	GlobalSection(ExtensibilityGlobals) = postSolution
		SolutionGuid = {AB22707D-EA42-4161-9A86-01EBB5474190}
	EndGlobalSection
EndGlobal
